<?xml version="1.0" encoding="utf-8"?>
<Project ToolsVersion="4.0" xmlns="http://schemas.microsoft.com/developer/msbuild/2003">
  <ItemGroup>
    <Filter Include="소스 파일">
      <UniqueIdentifier>{4FC737F1-C7A5-4376-A066-2A32D752A2FF}</UniqueIdentifier>
      <Extensions>cpp;c;cc;cxx;def;odl;idl;hpj;bat;asm;asmx</Extensions>
    </Filter>
    <Filter Include="헤더 파일">
      <UniqueIdentifier>{93995380-89BD-4b04-88EB-625FBE52EBFB}</UniqueIdentifier>
      <Extensions>h;hh;hpp;hxx;hm;inl;inc;xsd</Extensions>
    </Filter>
    <Filter Include="리소스 파일">
      <UniqueIdentifier>{67DA6AB6-F800-4c08-8B7A-83BB121AAD01}</UniqueIdentifier>
      <Extensions>rc;ico;cur;bmp;dlg;rc2;rct;bin;rgs;gif;jpg;jpeg;jpe;resx;tiff;tif;png;wav;mfcribbon-ms</Extensions>
    </Filter>
    <Filter Include="소스 파일\Util">
      <UniqueIdentifier>{1358b8fb-4e52-4e84-b064-7aa8c85f8834}</UniqueIdentifier>
    </Filter>
    <Filter Include="헤더 파일\Util">
      <UniqueIdentifier>{5e04e256-1db4-496a-94fa-8b428373e917}</UniqueIdentifier>
    </Filter>
    <Filter Include="소스 파일\Util\tinyXml">
      <UniqueIdentifier>{210472cc-57e8-4ad8-b2b1-2ad9e2c0c3a5}</UniqueIdentifier>
    </Filter>
    <Filter Include="헤더 파일\Util\tinyXml">
      <UniqueIdentifier>{77d93ace-7de1-44be-b354-d5c47223b249}</UniqueIdentifier>
    </Filter>
    <Filter Include="소스 파일\Util\csv_parser">
      <UniqueIdentifier>{3627b37f-418d-47bb-b216-2a4e8a00fb63}</UniqueIdentifier>
    </Filter>
    <Filter Include="헤더 파일\Util\csv_parser">
      <UniqueIdentifier>{cef9e0fb-2e6b-4dff-9228-0f15dc3ab1a9}</UniqueIdentifier>
    </Filter>
    <Filter Include="헤더 파일\Net">
      <UniqueIdentifier>{bba36ae5-4dc2-4135-b1a1-3075ebcc0746}</UniqueIdentifier>
    </Filter>
    <Filter Include="소스 파일\Net">
      <UniqueIdentifier>{35936b52-2b4c-428f-9861-6b0bd545e859}</UniqueIdentifier>
    </Filter>
    <Filter Include="헤더 파일\Net\Iocp">
      <UniqueIdentifier>{fadda746-a164-4fa2-831f-3f15c037abb1}</UniqueIdentifier>
    </Filter>
    <Filter Include="소스 파일\Net\Iocp">
      <UniqueIdentifier>{f671f35b-c5cd-4451-8f0a-8954aad41e8d}</UniqueIdentifier>
    </Filter>
    <Filter Include="헤더 파일\Net\Terminal">
      <UniqueIdentifier>{124a1e55-b357-47b5-b94f-bb4e7023a84b}</UniqueIdentifier>
    </Filter>
    <Filter Include="소스 파일\Net\Terminal">
      <UniqueIdentifier>{5bcf650e-03c4-4878-9c04-c7079cfd1173}</UniqueIdentifier>
    </Filter>
    <Filter Include="헤더 파일\Net\Packet">
      <UniqueIdentifier>{dc6d6482-fa8d-4935-ace7-c996fbd9bd97}</UniqueIdentifier>
    </Filter>
    <Filter Include="소스 파일\Net\Packet">
      <UniqueIdentifier>{f91381eb-180d-4db3-a991-24a536f97f4c}</UniqueIdentifier>
    </Filter>
    <Filter Include="헤더 파일\Contents">
      <UniqueIdentifier>{39b248b6-c2a0-45e2-92bf-1ba8c45d97d4}</UniqueIdentifier>
    </Filter>
    <Filter Include="소스 파일\Contents">
      <UniqueIdentifier>{604c12a4-7383-4e25-8c7a-5b05c114a567}</UniqueIdentifier>
    </Filter>
    <Filter Include="헤더 파일\Database">
      <UniqueIdentifier>{d837f406-7f07-46ea-83d3-d43e84ca3e2a}</UniqueIdentifier>
    </Filter>
    <Filter Include="소스 파일\Database">
      <UniqueIdentifier>{9771d4a5-229f-472f-bdfb-00a4db8aa8ee}</UniqueIdentifier>
    </Filter>
  </ItemGroup>
  <ItemGroup>
    <Text Include="ReadMe.txt" />
  </ItemGroup>
  <ItemGroup>
    <ClInclude Include="stdafx.h">
      <Filter>헤더 파일</Filter>
    </ClInclude>
    <ClInclude Include="targetver.h">
      <Filter>헤더 파일</Filter>
    </ClInclude>
    <ClInclude Include="ServerLibrary.h">
      <Filter>헤더 파일</Filter>
    </ClInclude>
    <ClInclude Include="Util\Type.h">
      <Filter>헤더 파일\Util</Filter>
    </ClInclude>
    <ClInclude Include="Util\Util.h">
      <Filter>헤더 파일\Util</Filter>
    </ClInclude>
    <ClInclude Include="Util\RandomMt.h">
      <Filter>헤더 파일\Util</Filter>
    </ClInclude>
    <ClInclude Include="Util\Singleton.h">
      <Filter>헤더 파일\Util</Filter>
    </ClInclude>
    <ClInclude Include="Util\Clock.h">
      <Filter>헤더 파일\Util</Filter>
    </ClInclude>
    <ClInclude Include="Util\tinyXml\tinystr.h">
      <Filter>헤더 파일\Util\tinyXml</Filter>
    </ClInclude>
    <ClInclude Include="Util\tinyXml\tinyxml.h">
      <Filter>헤더 파일\Util\tinyXml</Filter>
    </ClInclude>
    <ClInclude Include="Util\Config.h">
      <Filter>헤더 파일\Util</Filter>
    </ClInclude>
    <ClInclude Include="Util\Lock.h">
      <Filter>헤더 파일\Util</Filter>
    </ClInclude>
    <ClInclude Include="Util\Thread.h">
      <Filter>헤더 파일\Util</Filter>
    </ClInclude>
    <ClInclude Include="Util\Logger.h">
      <Filter>헤더 파일\Util</Filter>
    </ClInclude>
    <ClInclude Include="Util\Assert.h">
      <Filter>헤더 파일\Util</Filter>
    </ClInclude>
    <ClInclude Include="Util\Minidump.h">
      <Filter>헤더 파일\Util</Filter>
    </ClInclude>
    <ClInclude Include="Util\SMTPMail.h">
      <Filter>헤더 파일\Util</Filter>
    </ClInclude>
    <ClInclude Include="Util\ThreadJobQueue.h">
      <Filter>헤더 파일\Util</Filter>
    </ClInclude>
    <ClInclude Include="Util\Table.h">
      <Filter>헤더 파일\Util</Filter>
    </ClInclude>
    <ClInclude Include="Util\MemoryLeak.h">
      <Filter>헤더 파일\Util</Filter>
    </ClInclude>
    <ClInclude Include="Util\Memory_LowFragmentationHeap.h">
      <Filter>헤더 파일\Util</Filter>
    </ClInclude>
    <ClInclude Include="Util\csv_parser\csv_parser.hpp">
      <Filter>헤더 파일\Util\csv_parser</Filter>
    </ClInclude>
    <ClInclude Include="Util\GameObject.h">
      <Filter>헤더 파일\Util</Filter>
    </ClInclude>
    <ClInclude Include="Util\Monitoring.h">
      <Filter>헤더 파일\Util</Filter>
    </ClInclude>
    <ClInclude Include="Util\Task.h">
      <Filter>헤더 파일\Util</Filter>
    </ClInclude>
    <ClInclude Include="Net\Server.h">
      <Filter>헤더 파일\Net</Filter>
    </ClInclude>
    <ClInclude Include="Net\Session.h">
      <Filter>헤더 파일\Net</Filter>
    </ClInclude>
    <ClInclude Include="Net\SessionManager.h">
      <Filter>헤더 파일\Net</Filter>
    </ClInclude>
    <ClInclude Include="Net\Iocp\IOCPServer.h">
      <Filter>헤더 파일\Net\Iocp</Filter>
    </ClInclude>
    <ClInclude Include="Net\Iocp\IOCPSession.h">
      <Filter>헤더 파일\Net\Iocp</Filter>
    </ClInclude>
    <ClInclude Include="Net\SessionMonitor.h">
      <Filter>헤더 파일\Net</Filter>
    </ClInclude>
    <ClInclude Include="Net\Terminal\TerminalSession.h">
      <Filter>헤더 파일\Net\Terminal</Filter>
    </ClInclude>
    <ClInclude Include="Net\Terminal\Terminal.h">
      <Filter>헤더 파일\Net\Terminal</Filter>
    </ClInclude>
    <ClInclude Include="Net\Terminal\TerminalManager.h">
      <Filter>헤더 파일\Net\Terminal</Filter>
    </ClInclude>
    <ClInclude Include="Net\Packet\Stream.h">
      <Filter>헤더 파일\Net\Packet</Filter>
    </ClInclude>
    <ClInclude Include="Net\Packet\PacketAnalyzer.h">
      <Filter>헤더 파일\Net\Packet</Filter>
    </ClInclude>
    <ClInclude Include="Net\Packet\Package.h">
      <Filter>헤더 파일\Net\Packet</Filter>
    </ClInclude>
    <ClInclude Include="Contents\ContentsProcess.h">
      <Filter>헤더 파일\Contents</Filter>
    </ClInclude>
    <ClInclude Include="LoginProcess.h">
      <Filter>헤더 파일</Filter>
    </ClInclude>
    <ClInclude Include="Net\Packet\PacketClass.h">
      <Filter>헤더 파일\Net\Packet</Filter>
    </ClInclude>
    <ClInclude Include="Net\Packet\PacketFactory.h">
      <Filter>헤더 파일\Net\Packet</Filter>
    </ClInclude>
    <ClInclude Include="Net\Packet\PacketHeader.h">
      <Filter>헤더 파일\Net\Packet</Filter>
    </ClInclude>
    <ClInclude Include="Shutdown.h">
      <Filter>헤더 파일</Filter>
    </ClInclude>
    <ClInclude Include="Database\QueryStatement.h">
      <Filter>헤더 파일\Database</Filter>
    </ClInclude>
    <ClInclude Include="Database\QueryRecord.h">
      <Filter>헤더 파일\Database</Filter>
    </ClInclude>
    <ClInclude Include="Database\Query.h">
      <Filter>헤더 파일\Database</Filter>
    </ClInclude>
    <ClInclude Include="Database\Database.h">
      <Filter>헤더 파일\Database</Filter>
    </ClInclude>
    <ClInclude Include="Database\ADODatabase.h">
      <Filter>헤더 파일\Database</Filter>
    </ClInclude>
    <ClInclude Include="Database\DBManager.h">
      <Filter>헤더 파일\Database</Filter>
    </ClInclude>
  </ItemGroup>
  <ItemGroup>
    <ClCompile Include="stdafx.cpp">
      <Filter>소스 파일</Filter>
    </ClCompile>
    <ClCompile Include="Util\Clock.cpp">
      <Filter>소스 파일\Util</Filter>
    </ClCompile>
    <ClCompile Include="Util\tinyXml\tinyxmlerror.cpp">
      <Filter>소스 파일\Util\tinyXml</Filter>
    </ClCompile>
    <ClCompile Include="Util\tinyXml\tinyxmlparser.cpp">
      <Filter>소스 파일\Util\tinyXml</Filter>
    </ClCompile>
    <ClCompile Include="Util\tinyXml\tinystr.cpp">
      <Filter>소스 파일\Util\tinyXml</Filter>
    </ClCompile>
    <ClCompile Include="Util\tinyXml\tinyxml.cpp">
      <Filter>소스 파일\Util\tinyXml</Filter>
    </ClCompile>
    <ClCompile Include="Util\Config.cpp">
      <Filter>소스 파일\Util</Filter>
    </ClCompile>
    <ClCompile Include="Util\Lock.cpp">
      <Filter>소스 파일\Util</Filter>
    </ClCompile>
    <ClCompile Include="Util\Thread.cpp">
      <Filter>소스 파일\Util</Filter>
    </ClCompile>
    <ClCompile Include="Util\Logger.cpp">
      <Filter>소스 파일\Util</Filter>
    </ClCompile>
    <ClCompile Include="Util\Assert.cpp">
      <Filter>소스 파일\Util</Filter>
    </ClCompile>
    <ClCompile Include="Util\Minidump.cpp">
      <Filter>소스 파일\Util</Filter>
    </ClCompile>
    <ClCompile Include="Util\SMTPMail.cpp">
      <Filter>소스 파일\Util</Filter>
    </ClCompile>
    <ClCompile Include="Util\csv_parser\csv_parser.cpp">
      <Filter>소스 파일\Util\csv_parser</Filter>
    </ClCompile>
    <ClCompile Include="Util\Task.cpp">
      <Filter>소스 파일\Util</Filter>
    </ClCompile>
    <ClCompile Include="Net\Server.cpp">
      <Filter>소스 파일\Net</Filter>
    </ClCompile>
    <ClCompile Include="Net\Iocp\IOCPServer.cpp">
      <Filter>소스 파일\Net\Iocp</Filter>
    </ClCompile>
    <ClCompile Include="Net\Session.cpp">
      <Filter>소스 파일\Net</Filter>
    </ClCompile>
    <ClCompile Include="Net\Iocp\IOCPSession.cpp">
      <Filter>소스 파일\Net\Iocp</Filter>
    </ClCompile>
    <ClCompile Include="Net\SessionManager.cpp">
      <Filter>소스 파일\Net</Filter>
    </ClCompile>
    <ClCompile Include="Net\SessionMonitor.cpp">
      <Filter>소스 파일\Net</Filter>
    </ClCompile>
    <ClCompile Include="Net\Terminal\TerminalSession.cpp">
      <Filter>소스 파일\Net\Terminal</Filter>
    </ClCompile>
    <ClCompile Include="Net\Terminal\Terminal.cpp">
      <Filter>소스 파일\Net\Terminal</Filter>
    </ClCompile>
    <ClCompile Include="Net\Terminal\TerminalManager.cpp">
      <Filter>소스 파일\Net\Terminal</Filter>
    </ClCompile>
    <ClCompile Include="Net\Packet\Stream.cpp">
      <Filter>소스 파일\Net\Packet</Filter>
    </ClCompile>
    <ClCompile Include="Contents\ContentsProcess.cpp">
      <Filter>소스 파일\Contents</Filter>
    </ClCompile>
    <ClCompile Include="LoginProcess.cpp">
      <Filter>소스 파일</Filter>
    </ClCompile>
    <ClCompile Include="Database\QueryStatement.cpp">
      <Filter>소스 파일\Database</Filter>
    </ClCompile>
    <ClCompile Include="Database\QueryRecord.cpp">
      <Filter>소스 파일\Database</Filter>
    </ClCompile>
    <ClCompile Include="Database\Query.cpp">
      <Filter>소스 파일\Database</Filter>
    </ClCompile>
    <ClCompile Include="Database\ADODatabase.cpp">
      <Filter>소스 파일\Database</Filter>
    </ClCompile>
    <ClCompile Include="Database\DBManager.cpp">
      <Filter>소스 파일\Database</Filter>
    </ClCompile>
  </ItemGroup>
</Project>